
Microsoft Visual Studio Solution File, Format Version 12.00
# Visual Studio Version 16
VisualStudioVersion = 16.0.29709.97
MinimumVisualStudioVersion = 10.0.40219.1
Project("{FAE04EC0-301F-11D3-BF4B-00C04F79EFBC}") = "GraphQLExample", "GraphQLExample\GraphQLExample.csproj", "{EA7FD85A-6788-4DD1-8A02-14E7C78599F2}"
EndProject
Global
	GlobalSection(SolutionConfigurationPlatforms) = preSolution
		Debug|Any CPU = Debug|Any CPU
		Release|Any CPU = Release|Any CPU
	EndGlobalSection
	GlobalSection(ProjectConfigurationPlatforms) = postSolution
		{EA7FD85A-6788-4DD1-8A02-14E7C78599F2}.Debug|Any CPU.ActiveCfg = Debug|Any CPU
		{EA7FD85A-6788-4DD1-8A02-14E7C78599F2}.Debug|Any CPU.Build.0 = Debug|Any CPU
		{EA7FD85A-6788-4DD1-8A02-14E7C78599F2}.Release|Any CPU.ActiveCfg = Release|Any CPU
		{EA7FD85A-6788-4DD1-8A02-14E7C78599F2}.Release|Any CPU.Build.0 = Release|Any CPU
	EndGlobalSection
	GlobalSection(SolutionProperties) = preSolution
		HideSolutionNode = FALSE
	EndGlobalSection
	GlobalSection(ExtensibilityGlobals) = postSolution
		SolutionGuid = {8E8639D9-1942-4BD9-BFE0-01D6D8C1834B}
	EndGlobalSection
EndGlobal
